
Microsoft Visual Studio Solution File, Format Version 11.00
# Visual Studio 2010
Project("{8BC9CEB9-8B4A-11D0-8D11-00A0C91BC942}") = "AudioToolkit_FreeVersion", "AudioToolkit_FreeVersion.dll", "{B55F7224-D0F6-4206-A82C-333EAC53BEA7}"
	ProjectSection(MonoDevelopProperties) = preProject
		name = AudioToolkit_FreeVersion
		Configurations = $0
		$0.Configuration = $1
		$1.name = Default
		$1.OutputPath = .\
		$1.ctype = ProjectConfiguration
	EndProjectSection
EndProject
Global
	GlobalSection(SolutionConfigurationPlatforms) = preSolution
		Default|Any CPU = Default|Any CPU
	EndGlobalSection
	GlobalSection(ProjectConfigurationPlatforms) = postSolution
		{B55F7224-D0F6-4206-A82C-333EAC53BEA7}.Default|Any CPU.ActiveCfg = Default|Any CPU
		{B55F7224-D0F6-4206-A82C-333EAC53BEA7}.Default|Any CPU.Build.0 = Default|Any CPU
	EndGlobalSection
	GlobalSection(MonoDevelopProperties) = preSolution
		StartupItem = AudioToolkit_FreeVersion.dll
	EndGlobalSection
EndGlobal
